{
	"name": "vote",
	"version": "0.0.1",
	"lockfileVersion": 1,
	"requires": true,
	"dependencies": {
		"@n4jsd/react": {
			"version": "16.8.1",
			"resolved": "http://nexus3-aws.corp.numberfour.eu/repository/npm-public/@n4jsd/react/-/react-16.8.1.tgz",
			"integrity": "sha512-qhBzp8Y/Lq+UFxoDqkSUxfCrBloeJWNZDifSuZJV4BrrsAuu+tchvMQbA3Peu2kw0jRLra7TPKi1Jvqm3Ecw8A==",
			"dev": true
		},
		"big.js": {
			"version": "5.2.2",
			"resolved": "http://nexus3-aws.corp.numberfour.eu/repository/npm-public/big.js/-/big.js-5.2.2.tgz",
			"integrity": "sha512-vyL2OymJxmarO8gxMr0mhChsO9QGwhynfuu4+MHTAW6czfq9humCB7rKpUjDd9YUiDPU4mzpyupFSvOClAwbmQ==",
			"dev": true
		},
		"dom-walk": {
			"version": "0.1.1",
			"resolved": "http://nexus3-aws.corp.numberfour.eu/repository/npm-public/dom-walk/-/dom-walk-0.1.1.tgz",
			"integrity": "sha1-ZyIm3HTI95mtNTB9+TaroRrNYBg=",
			"dev": true
		},
		"emojis-list": {
			"version": "2.1.0",
			"resolved": "http://nexus3-aws.corp.numberfour.eu/repository/npm-public/emojis-list/-/emojis-list-2.1.0.tgz",
			"integrity": "sha1-TapNnbAPmBmIDHn6RXrlsJof04k=",
			"dev": true
		},
		"esm": {
			"version": "3.2.20",
			"resolved": "http://nexus3-aws.corp.numberfour.eu/repository/npm-public/esm/-/esm-3.2.20.tgz",
			"integrity": "sha512-NA92qDA8C/qGX/xMinDGa3+cSPs4wQoFxskRrSnDo/9UloifhONFm4sl4G+JsyCqM007z2K+BfQlH5rMta4K1Q=="
		},
		"fast-levenshtein": {
			"version": "2.0.6",
			"resolved": "http://nexus3-aws.corp.numberfour.eu/repository/npm-public/fast-levenshtein/-/fast-levenshtein-2.0.6.tgz",
			"integrity": "sha1-PYpcZog6FqMMqGQ+hR8Zuqd5eRc=",
			"dev": true
		},
		"global": {
			"version": "4.3.2",
			"resolved": "http://nexus3-aws.corp.numberfour.eu/repository/npm-public/global/-/global-4.3.2.tgz",
			"integrity": "sha1-52mJJopsdMOJCLEwWxD8DjlOnQ8=",
			"dev": true,
			"requires": {
				"min-document": "^2.19.0",
				"process": "~0.5.1"
			}
		},
		"hoist-non-react-statics": {
			"version": "3.3.0",
			"resolved": "http://nexus3-aws.corp.numberfour.eu/repository/npm-public/hoist-non-react-statics/-/hoist-non-react-statics-3.3.0.tgz",
			"integrity": "sha512-0XsbTXxgiaCDYDIWFcwkmerZPSwywfUqYmwT4jzewKTQSWoE6FCMoUVOeBJWK3E/CrWbxRG3m5GzY4lnIwGRBA==",
			"dev": true,
			"requires": {
				"react-is": "^16.7.0"
			}
		},
		"js-tokens": {
			"version": "4.0.0",
			"resolved": "http://nexus3-aws.corp.numberfour.eu/repository/npm-public/js-tokens/-/js-tokens-4.0.0.tgz",
			"integrity": "sha512-RdJUflcE3cUzKiMqQgsCu06FPu9UdIJO0beYbPhHN4k6apgJtifcoCtT9bcxOpYBtpD2kCM6Sbzg4CausW/PKQ=="
		},
		"json5": {
			"version": "1.0.1",
			"resolved": "http://nexus3-aws.corp.numberfour.eu/repository/npm-public/json5/-/json5-1.0.1.tgz",
			"integrity": "sha512-aKS4WQjPenRxiQsC93MNfjx+nbF4PAdYzmd/1JIj8HYzqfbu86beTuNgXDzPknWk0n0uARlyewZo4s++ES36Ow==",
			"dev": true,
			"requires": {
				"minimist": "^1.2.0"
			}
		},
		"loader-utils": {
			"version": "1.2.3",
			"resolved": "http://nexus3-aws.corp.numberfour.eu/repository/npm-public/loader-utils/-/loader-utils-1.2.3.tgz",
			"integrity": "sha512-fkpz8ejdnEMG3s37wGL07iSBDg99O9D5yflE9RGNH3hRdx9SOwYfnGYdZOUIZitN8E+E2vkq3MUMYMvPYl5ZZA==",
			"dev": true,
			"requires": {
				"big.js": "^5.2.2",
				"emojis-list": "^2.0.0",
				"json5": "^1.0.1"
			}
		},
		"lodash": {
			"version": "4.17.11",
			"resolved": "http://nexus3-aws.corp.numberfour.eu/repository/npm-public/lodash/-/lodash-4.17.11.tgz",
			"integrity": "sha512-cQKh8igo5QUhZ7lg38DYWAxMvjSAKG0A8wGSVimP07SIUEK2UO+arSRKbRZWtelMtN5V0Hkwh5ryOto/SshYIg==",
			"dev": true
		},
		"loose-envify": {
			"version": "1.4.0",
			"resolved": "http://nexus3-aws.corp.numberfour.eu/repository/npm-public/loose-envify/-/loose-envify-1.4.0.tgz",
			"integrity": "sha512-lyuxPGr/Wfhrlem2CL/UcnUc1zcqKAImBDzukY7Y5F/yQiNdko6+fRLevlw1HgMySw7f611UIY408EtxRSoK3Q==",
			"requires": {
				"js-tokens": "^3.0.0 || ^4.0.0"
			}
		},
		"min-document": {
			"version": "2.19.0",
			"resolved": "http://nexus3-aws.corp.numberfour.eu/repository/npm-public/min-document/-/min-document-2.19.0.tgz",
			"integrity": "sha1-e9KC4/WELtKVu3SM3Z8f+iyCRoU=",
			"dev": true,
			"requires": {
				"dom-walk": "^0.1.0"
			}
		},
		"minimist": {
			"version": "1.2.0",
			"resolved": "http://nexus3-aws.corp.numberfour.eu/repository/npm-public/minimist/-/minimist-1.2.0.tgz",
			"integrity": "sha1-o1AIsg9BOD7sH7kU9M1d95omQoQ=",
			"dev": true
		},
		"n4js-es5": {
			"version": "0.14.0-next.20190320",
			"resolved": "http://nexus3-aws.corp.numberfour.eu/repository/npm-public/n4js-es5/-/n4js-es5-0.14.0-next.20190320.tgz",
			"integrity": "sha512-vFw2pTIVWWen8w5NAkHMhdimbjnuP3qJkJX/1K+FRJD1rQocp+s/ai0WACO7YPtYdKWoxLAeWnIpN7YawzaM4A=="
		},
		"n4js-node": {
			"version": "0.14.0-next.20190320",
			"resolved": "http://nexus3-aws.corp.numberfour.eu/repository/npm-public/n4js-node/-/n4js-node-0.14.0-next.20190320.tgz",
			"integrity": "sha512-PF0pkGCE49D5g6YaqaTTZ4QemrwJ89DQeIrRKlG7krTmSZyXOOyZV+9FLZ8EtH/Kmh8IvcTyGOdm4rs/tbAIGQ==",
			"requires": {
				"esm": "~3.2.10",
				"n4js-es5": "0.14.0-next.20190320",
				"node-fetch": "~2.2.0"
			}
		},
		"node-fetch": {
			"version": "2.2.1",
			"resolved": "http://nexus3-aws.corp.numberfour.eu/repository/npm-public/node-fetch/-/node-fetch-2.2.1.tgz",
			"integrity": "sha512-ObXBpNCD3A/vYQiQtEWl7DuqjAXjfptYFuGHLdPl5U19/6kJuZV+8uMHLrkj3wJrJoyfg4nhgyFixZdaZoAiEQ=="
		},
		"object-assign": {
			"version": "4.1.1",
			"resolved": "http://nexus3-aws.corp.numberfour.eu/repository/npm-public/object-assign/-/object-assign-4.1.1.tgz",
			"integrity": "sha1-IQmtx5ZYh8/AXLvUQsrIv7s2CGM="
		},
		"process": {
			"version": "0.5.2",
			"resolved": "http://nexus3-aws.corp.numberfour.eu/repository/npm-public/process/-/process-0.5.2.tgz",
			"integrity": "sha1-FjjYqONML0QKkduVq5rrZ3/Bhc8=",
			"dev": true
		},
		"prop-types": {
			"version": "15.7.2",
			"resolved": "http://nexus3-aws.corp.numberfour.eu/repository/npm-public/prop-types/-/prop-types-15.7.2.tgz",
			"integrity": "sha512-8QQikdH7//R2vurIJSutZ1smHYTcLpRWEOlHnzcWHmBYrOGUysKwSsrC89BCiFj3CbrfJ/nXFdJepOVrY1GCHQ==",
			"requires": {
				"loose-envify": "^1.4.0",
				"object-assign": "^4.1.1",
				"react-is": "^16.8.1"
			}
		},
		"react": {
			"version": "16.8.5",
			"resolved": "http://nexus3-aws.corp.numberfour.eu/repository/npm-public/react/-/react-16.8.5.tgz",
			"integrity": "sha512-daCb9TD6FZGvJ3sg8da1tRAtIuw29PbKZW++NN4wqkbEvxL+bZpaaYb4xuftW/SpXmgacf1skXl/ddX6CdOlDw==",
			"requires": {
				"loose-envify": "^1.1.0",
				"object-assign": "^4.1.1",
				"prop-types": "^15.6.2",
				"scheduler": "^0.13.5"
			}
		},
		"react-hot-loader": {
			"version": "4.8.0",
			"resolved": "http://nexus3-aws.corp.numberfour.eu/repository/npm-public/react-hot-loader/-/react-hot-loader-4.8.0.tgz",
			"integrity": "sha512-HY9F0vITYSVmXhAR6tPkMk240nxmoH8+0rca9iO2B82KVguiCiBJkieS0Wb4CeSIzLWecYx3iOcq8dcbnp0bxA==",
			"dev": true,
			"requires": {
				"fast-levenshtein": "^2.0.6",
				"global": "^4.3.0",
				"hoist-non-react-statics": "^3.3.0",
				"loader-utils": "^1.1.0",
				"lodash": "^4.17.11",
				"prop-types": "^15.6.1",
				"react-lifecycles-compat": "^3.0.4",
				"shallowequal": "^1.0.2",
				"source-map": "^0.7.3"
			}
		},
		"react-is": {
			"version": "16.8.5",
			"resolved": "http://nexus3-aws.corp.numberfour.eu/repository/npm-public/react-is/-/react-is-16.8.5.tgz",
			"integrity": "sha512-sudt2uq5P/2TznPV4Wtdi+Lnq3yaYW8LfvPKLM9BKD8jJNBkxMVyB0C9/GmVhLw7Jbdmndk/73n7XQGeN9A3QQ=="
		},
		"react-lifecycles-compat": {
			"version": "3.0.4",
			"resolved": "http://nexus3-aws.corp.numberfour.eu/repository/npm-public/react-lifecycles-compat/-/react-lifecycles-compat-3.0.4.tgz",
			"integrity": "sha512-fBASbA6LnOU9dOU2eW7aQ8xmYBSXUIWr+UmF9b1efZBazGNO+rcXT/icdKnYm2pTwcRylVUYwW7H1PHfLekVzA==",
			"dev": true
		},
		"scheduler": {
			"version": "0.13.5",
			"resolved": "http://nexus3-aws.corp.numberfour.eu/repository/npm-public/scheduler/-/scheduler-0.13.5.tgz",
			"integrity": "sha512-K98vjkQX9OIt/riLhp6F+XtDPtMQhqNcf045vsh+pcuvHq+PHy1xCrH3pq1P40m6yR46lpVvVhKdEOtnimuUJw==",
			"requires": {
				"loose-envify": "^1.1.0",
				"object-assign": "^4.1.1"
			}
		},
		"shallowequal": {
			"version": "1.1.0",
			"resolved": "http://nexus3-aws.corp.numberfour.eu/repository/npm-public/shallowequal/-/shallowequal-1.1.0.tgz",
			"integrity": "sha512-y0m1JoUZSlPAjXVtPPW70aZWfIL/dSP7AFkRnniLCrK/8MDKog3TySTBmckD+RObVxH0v4Tox67+F14PdED2oQ==",
			"dev": true
		},
		"source-map": {
			"version": "0.7.3",
			"resolved": "http://nexus3-aws.corp.numberfour.eu/repository/npm-public/source-map/-/source-map-0.7.3.tgz",
			"integrity": "sha512-CkCj6giN3S+n9qrYiBTX5gystlENnRW5jZeNLHpe6aue+SrHcG5VYwujhW9s4dY31mEGsxBDrHR6oI69fTXsaQ==",
			"dev": true
		}
	}
}
